
Microsoft Visual Studio Solution File, Format Version 12.00
# Visual Studio Version 17
VisualStudioVersion = 17.3.32811.315
MinimumVisualStudioVersion = 10.0.40219.1
Project("{8BC9CEB8-8B4A-11D0-8D11-00A0C91BC942}") = "Templates", "Templates\Templates.vcxproj", "{929E64B9-F07B-4DCC-ADD5-91FE2712F1AA}"
EndProject
Global
	GlobalSection(SolutionConfigurationPlatforms) = preSolution
		Debug|x64 = Debug|x64
		Debug|x86 = Debug|x86
		Release|x64 = Release|x64
		Release|x86 = Release|x86
	EndGlobalSection
	GlobalSection(ProjectConfigurationPlatforms) = postSolution
		{929E64B9-F07B-4DCC-ADD5-91FE2712F1AA}.Debug|x64.ActiveCfg = Debug|x64
		{929E64B9-F07B-4DCC-ADD5-91FE2712F1AA}.Debug|x64.Build.0 = Debug|x64
		{929E64B9-F07B-4DCC-ADD5-91FE2712F1AA}.Debug|x86.ActiveCfg = Debug|Win32
		{929E64B9-F07B-4DCC-ADD5-91FE2712F1AA}.Debug|x86.Build.0 = Debug|Win32
		{929E64B9-F07B-4DCC-ADD5-91FE2712F1AA}.Release|x64.ActiveCfg = Release|x64
		{929E64B9-F07B-4DCC-ADD5-91FE2712F1AA}.Release|x64.Build.0 = Release|x64
		{929E64B9-F07B-4DCC-ADD5-91FE2712F1AA}.Release|x86.ActiveCfg = Release|Win32
		{929E64B9-F07B-4DCC-ADD5-91FE2712F1AA}.Release|x86.Build.0 = Release|Win32
	EndGlobalSection
	GlobalSection(SolutionProperties) = preSolution
		HideSolutionNode = FALSE
	EndGlobalSection
	GlobalSection(ExtensibilityGlobals) = postSolution
		SolutionGuid = {198BBB36-985F-4F95-8D51-B0BC67EDA995}
	EndGlobalSection
EndGlobal
